
Microsoft Visual Studio Solution File, Format Version 12.00
# Visual Studio Version 16
VisualStudioVersion = 16.0.32802.440
MinimumVisualStudioVersion = 10.0.40219.1
Project("{9A19103F-16F7-4668-BE54-9A1E7A4F7556}") = "SIBKMNET_WebApplication", "SIBKMNET_WebApplication\SIBKMNET_WebApplication.csproj", "{3BD10691-2D53-42A0-936E-1F3888C107AD}"
EndProject
Project("{FAE04EC0-301F-11D3-BF4B-00C04F79EFBC}") = "SIBKMNET_API", "SIBKMNET_API\SIBKMNET_API.csproj", "{91C20246-8308-49D2-888D-56F1217AA0C3}"
EndProject
Global
	GlobalSection(SolutionConfigurationPlatforms) = preSolution
		Debug|Any CPU = Debug|Any CPU
		Release|Any CPU = Release|Any CPU
	EndGlobalSection
	GlobalSection(ProjectConfigurationPlatforms) = postSolution
		{3BD10691-2D53-42A0-936E-1F3888C107AD}.Debug|Any CPU.ActiveCfg = Debug|Any CPU
		{3BD10691-2D53-42A0-936E-1F3888C107AD}.Debug|Any CPU.Build.0 = Debug|Any CPU
		{3BD10691-2D53-42A0-936E-1F3888C107AD}.Release|Any CPU.ActiveCfg = Release|Any CPU
		{3BD10691-2D53-42A0-936E-1F3888C107AD}.Release|Any CPU.Build.0 = Release|Any CPU
		{91C20246-8308-49D2-888D-56F1217AA0C3}.Debug|Any CPU.ActiveCfg = Debug|Any CPU
		{91C20246-8308-49D2-888D-56F1217AA0C3}.Debug|Any CPU.Build.0 = Debug|Any CPU
		{91C20246-8308-49D2-888D-56F1217AA0C3}.Release|Any CPU.ActiveCfg = Release|Any CPU
		{91C20246-8308-49D2-888D-56F1217AA0C3}.Release|Any CPU.Build.0 = Release|Any CPU
	EndGlobalSection
	GlobalSection(SolutionProperties) = preSolution
		HideSolutionNode = FALSE
	EndGlobalSection
	GlobalSection(ExtensibilityGlobals) = postSolution
		SolutionGuid = {4DA81CBC-5E45-4C19-A47E-563F6D6CB234}
	EndGlobalSection
EndGlobal
